
Microsoft Visual Studio Solution File, Format Version 12.00
# Visual Studio Version 17
VisualStudioVersion = 17.3.32901.215
MinimumVisualStudioVersion = 10.0.40219.1
Project("{FAE04EC0-301F-11D3-BF4B-00C04F79EFBC}") = "ExamenRepre", "ExamenRepre.csproj", "{9A76D934-7E10-45EE-B978-ECECBA9E1CC1}"
EndProject
Global
	GlobalSection(SolutionConfigurationPlatforms) = preSolution
		Debug|Any CPU = Debug|Any CPU
		Release|Any CPU = Release|Any CPU
	EndGlobalSection
	GlobalSection(ProjectConfigurationPlatforms) = postSolution
		{9A76D934-7E10-45EE-B978-ECECBA9E1CC1}.Debug|Any CPU.ActiveCfg = Debug|Any CPU
		{9A76D934-7E10-45EE-B978-ECECBA9E1CC1}.Debug|Any CPU.Build.0 = Debug|Any CPU
		{9A76D934-7E10-45EE-B978-ECECBA9E1CC1}.Release|Any CPU.ActiveCfg = Release|Any CPU
		{9A76D934-7E10-45EE-B978-ECECBA9E1CC1}.Release|Any CPU.Build.0 = Release|Any CPU
	EndGlobalSection
	GlobalSection(SolutionProperties) = preSolution
		HideSolutionNode = FALSE
	EndGlobalSection
	GlobalSection(ExtensibilityGlobals) = postSolution
		SolutionGuid = {76CE2657-6E65-4EFB-9405-CF177872026E}
	EndGlobalSection
EndGlobal
